schema: '2.0'
stages:
  setup:
    cmd: bash setup.sh
    deps:
    - path: requirements.txt
      hash: md5
      md5: d739f72a332fc5593577374969a06656
      size: 2971
    - path: setup.sh
      hash: md5
      md5: 1881cad25780801542082d6721a35d2f
      size: 374
  expand:
    cmd: bash expand_data.sh
    deps:
    - path: docs_dump.zip
      hash: md5
      md5: 2dfe0f1dbd30ef26e75cbaa56e6e9fec
      size: 470834
    - path: expand_data.sh
      hash: md5
      md5: 6aca8ab03e2fa106e81b21d04ba2adb7
      size: 229
    outs:
    - path: data
      hash: md5
      md5: d3406c3230f9614c651b531a33a6a869.dir
      size: 20724476
      nfiles: 262
  ingest:
    cmd: python ingest.py
    deps:
    - path: data
      hash: md5
      md5: d3406c3230f9614c651b531a33a6a869.dir
      size: 20724476
      nfiles: 262
    - path: ingest.py
      hash: md5
      md5: 0c4486eec273a8434776931027a4c8db
      size: 1396
    params:
      params.yaml:
        TextSplitter:
          chunk_size: 1500
          chunk_overlap: 200
          keep_separator: false
          add_start_index: false
    outs:
    - path: docs.json
      hash: md5
      md5: fde59b090e0373aaafe406ddabea697a
      size: 1229954
    - path: metadatas.json
      hash: md5
      md5: 53c7a3a2fa01225103e07c03b47ef9e1
      size: 69964
  vectorize:
    cmd: python vector_store.py
    deps:
    - path: docs.json
      hash: md5
      md5: fde59b090e0373aaafe406ddabea697a
      size: 1229954
    - path: metadatas.json
      hash: md5
      md5: 53c7a3a2fa01225103e07c03b47ef9e1
      size: 69964
    - path: vector_store.py
      hash: md5
      md5: e9d697e5730d63d2a59d5e95aba1faba
      size: 812
    params:
      params.yaml:
        OpenAIEmbeddings:
          chunk_size: 1000
          embedding_ctx_length: 8191
          max_retries: 6
          model: text-embedding-ada-002
    outs:
    - path: docs.index
      hash: md5
      md5: 9ff8c7ea857419c29381c2de4dc78c88.dir
      size: 6747629
      nfiles: 2
  run:
    cmd: python qa.py
    deps:
    - path: canfy.csv
      hash: md5
      md5: f4d4c1221515fe413e7cdf383c1ab2db
      size: 6467
    - path: docs.index
      hash: md5
      md5: 9ff8c7ea857419c29381c2de4dc78c88.dir
      size: 6747629
      nfiles: 2
    - path: qa.py
      hash: md5
      md5: 9ce74dfc385e0f6e8c7becd5d1b5c0d8
      size: 1877
    params:
      params.yaml:
        ChatOpenAI:
          max_retries: 6
          model_name: gpt-3.5-turbo
          temperature: 0.0
          verbose: true
        OpenAIEmbeddings:
          chunk_size: 1000
          embedding_ctx_length: 8191
          max_retries: 6
          model: text-embedding-ada-002
        Retrieval:
          max_tokens_limit: 3375
          reduce_k_below_max_tokens: false
          verbose: true
    outs:
    - path: results.csv
      hash: md5
      md5: c80cc3cc6f224b94f4571f1da2721353
      size: 5851
  eval:
    cmd: python eval.py
    deps:
    - path: canfy.csv
      hash: md5
      md5: f4d4c1221515fe413e7cdf383c1ab2db
      size: 6467
    - path: eval.py
      hash: md5
      md5: 889ff5ed9d293e3885e5ba09b50d24b6
      size: 1255
    - path: results.csv
      hash: md5
      md5: c80cc3cc6f224b94f4571f1da2721353
      size: 5851
    params:
      params.yaml:
        Eval:
          model_name: gpt-3.5-turbo
    outs:
    - path: eval.csv
      hash: md5
      md5: 35cac70987c7ab8629fdc391995606f6
      size: 724
  eval-ragas:
    cmd: python eval_ragas.py
    deps:
    - path: canfy.csv
      hash: md5
      md5: f4d4c1221515fe413e7cdf383c1ab2db
      size: 6467
    - path: eval_ragas.py
      hash: md5
      md5: 7395c48d77477b43bb9b525f857a24d1
      size: 1014
    - path: results.csv
      hash: md5
      md5: c80cc3cc6f224b94f4571f1da2721353
      size: 5851
    outs:
    - path: eval_ragas.csv
      hash: md5
      md5: 0e5e02f44e3a50c48942a71452d22296
      size: 11105
