schema: '2.0'
stages:
  expand:
    cmd: bash expand_data.sh
    deps:
    - path: Export-d3adfe0f-3131-4bf3-8987-a52017fc1bae.zip
      hash: md5
      md5: a244a59409b0e27ea8196d7201ddd0f5
      size: 23674456
    - path: expand_data.sh
      hash: md5
      md5: 1e8b49cb52abb0dcd4ad885b41211e38
      size: 96
    outs:
    - path: Notion_DB
      hash: md5
      md5: 77e3da1ad7dbfdcdb22d049300fcb321.dir
      size: 27444961
      nfiles: 98
  ingest:
    cmd: python ingest.py
    deps:
    - path: Notion_DB
      hash: md5
      md5: 77e3da1ad7dbfdcdb22d049300fcb321.dir
      size: 27444961
      nfiles: 98
    - path: ingest.py
      hash: md5
      md5: c6d2ee27b76d573bee0ae7a9daa071a9
      size: 887
    outs:
    - path: docs.json
      hash: md5
      md5: bd199a2e3aa95dc5cc2534581f0f2ba6
      size: 251285
    - path: metadatas.json
      hash: md5
      md5: 337d90985bc3fccca57097b12f43e770
      size: 33434
